
Microsoft Visual Studio Solution File, Format Version 12.00
# Visual Studio Version 17
VisualStudioVersion = 17.3.32922.545
MinimumVisualStudioVersion = 10.0.40219.1
Project("{9A19103F-16F7-4668-BE54-9A1E7A4F7556}") = "BlazorDemoWA", "BlazorDemoWA\BlazorDemoWA.csproj", "{B104748A-4AA3-4751-A1DE-33FB065A6D56}"
EndProject
Project("{9A19103F-16F7-4668-BE54-9A1E7A4F7556}") = "BlazorDemoWA.Shared", "BlazorDemoWA.Shared\BlazorDemoWA.Shared.csproj", "{8C7836EC-5DE9-4219-B6D3-ED7CD4F2F456}"
EndProject
Project("{9A19103F-16F7-4668-BE54-9A1E7A4F7556}") = "BlazorDemoWA.Tests", "BlazorDemoWA.Tests\BlazorDemoWA.Tests.csproj", "{2EE7D9B4-C625-4810-B087-095B989E1894}"
EndProject
Global
	GlobalSection(SolutionConfigurationPlatforms) = preSolution
		Debug|Any CPU = Debug|Any CPU
		Release|Any CPU = Release|Any CPU
	EndGlobalSection
	GlobalSection(ProjectConfigurationPlatforms) = postSolution
		{B104748A-4AA3-4751-A1DE-33FB065A6D56}.Debug|Any CPU.ActiveCfg = Debug|Any CPU
		{B104748A-4AA3-4751-A1DE-33FB065A6D56}.Debug|Any CPU.Build.0 = Debug|Any CPU
		{B104748A-4AA3-4751-A1DE-33FB065A6D56}.Release|Any CPU.ActiveCfg = Release|Any CPU
		{B104748A-4AA3-4751-A1DE-33FB065A6D56}.Release|Any CPU.Build.0 = Release|Any CPU
		{8C7836EC-5DE9-4219-B6D3-ED7CD4F2F456}.Debug|Any CPU.ActiveCfg = Debug|Any CPU
		{8C7836EC-5DE9-4219-B6D3-ED7CD4F2F456}.Debug|Any CPU.Build.0 = Debug|Any CPU
		{8C7836EC-5DE9-4219-B6D3-ED7CD4F2F456}.Release|Any CPU.ActiveCfg = Release|Any CPU
		{8C7836EC-5DE9-4219-B6D3-ED7CD4F2F456}.Release|Any CPU.Build.0 = Release|Any CPU
		{2EE7D9B4-C625-4810-B087-095B989E1894}.Debug|Any CPU.ActiveCfg = Debug|Any CPU
		{2EE7D9B4-C625-4810-B087-095B989E1894}.Debug|Any CPU.Build.0 = Debug|Any CPU
		{2EE7D9B4-C625-4810-B087-095B989E1894}.Release|Any CPU.ActiveCfg = Release|Any CPU
		{2EE7D9B4-C625-4810-B087-095B989E1894}.Release|Any CPU.Build.0 = Release|Any CPU
	EndGlobalSection
	GlobalSection(SolutionProperties) = preSolution
		HideSolutionNode = FALSE
	EndGlobalSection
	GlobalSection(ExtensibilityGlobals) = postSolution
		SolutionGuid = {610F8A8E-617D-4E75-8D12-CB76111BFFBC}
	EndGlobalSection
EndGlobal
